// !$*UTF8*$!
{
	archiveVersion = 1;
	classes = {
	};
	objectVersion = 77;
	objects = {

/* Begin PBXContainerItemProxy section */
		EF1AA2662D69BD7A00F455B5 /* PBXContainerItemProxy */ = {
			isa = PBXContainerItemProxy;
			containerPortal = EF1AA24D2D69BD7900F455B5 /* Project object */;
			proxyType = 1;
			remoteGlobalIDString = EF1AA2542D69BD7900F455B5;
			remoteInfo = UWB_Testing;
		};
		EF1AA2702D69BD7A00F455B5 /* PBXContainerItemProxy */ = {
			isa = PBXContainerItemProxy;
			containerPortal = EF1AA24D2D69BD7900F455B5 /* Project object */;
			proxyType = 1;
			remoteGlobalIDString = EF1AA2542D69BD7900F455B5;
			remoteInfo = UWB_Testing;
		};
/* End PBXContainerItemProxy section */

/* Begin PBXFileReference section */
		EF1AA2552D69BD7900F455B5 /* UWB_Testing.app */ = {isa = PBXFileReference; explicitFileType = wrapper.application; includeInIndex = 0; path = UWB_Testing.app; sourceTree = BUILT_PRODUCTS_DIR; };
		EF1AA2652D69BD7A00F455B5 /* UWB_TestingTests.xctest */ = {isa = PBXFileReference; explicitFileType = wrapper.cfbundle; includeInIndex = 0; path = UWB_TestingTests.xctest; sourceTree = BUILT_PRODUCTS_DIR; };
		EF1AA26F2D69BD7A00F455B5 /* UWB_TestingUITests.xctest */ = {isa = PBXFileReference; explicitFileType = wrapper.cfbundle; includeInIndex = 0; path = UWB_TestingUITests.xctest; sourceTree = BUILT_PRODUCTS_DIR; };
/* End PBXFileReference section */

/* Begin PBXFileSystemSynchronizedRootGroup section */
		EF1AA2572D69BD7900F455B5 /* UWB_Testing */ = {
			isa = PBXFileSystemSynchronizedRootGroup;
			path = UWB_Testing;
			sourceTree = "<group>";
		};
		EF1AA2682D69BD7A00F455B5 /* UWB_TestingTests */ = {
			isa = PBXFileSystemSynchronizedRootGroup;
			path = UWB_TestingTests;
			sourceTree = "<group>";
		};
		EF1AA2722D69BD7A00F455B5 /* UWB_TestingUITests */ = {
			isa = PBXFileSystemSynchronizedRootGroup;
			path = UWB_TestingUITests;
			sourceTree = "<group>";
		};
/* End PBXFileSystemSynchronizedRootGroup section */

/* Begin PBXFrameworksBuildPhase section */
		EF1AA2522D69BD7900F455B5 /* Frameworks */ = {
			isa = PBXFrameworksBuildPhase;
			buildActionMask = 2147483647;
			files = (
			);
			runOnlyForDeploymentPostprocessing = 0;
		};
		EF1AA2622D69BD7A00F455B5 /* Frameworks */ = {
			isa = PBXFrameworksBuildPhase;
			buildActionMask = 2147483647;
			files = (
			);
			runOnlyForDeploymentPostprocessing = 0;
		};
		EF1AA26C2D69BD7A00F455B5 /* Frameworks */ = {
			isa = PBXFrameworksBuildPhase;
			buildActionMask = 2147483647;
			files = (
			);
			runOnlyForDeploymentPostprocessing = 0;
		};
/* End PBXFrameworksBuildPhase section */

/* Begin PBXGroup section */
		EF1AA24C2D69BD7900F455B5 = {
			isa = PBXGroup;
			children = (
				EF1AA2572D69BD7900F455B5 /* UWB_Testing */,
				EF1AA2682D69BD7A00F455B5 /* UWB_TestingTests */,
				EF1AA2722D69BD7A00F455B5 /* UWB_TestingUITests */,
				EF1AA2562D69BD7900F455B5 /* Products */,
			);
			sourceTree = "<group>";
		};
		EF1AA2562D69BD7900F455B5 /* Products */ = {
			isa = PBXGroup;
			children = (
				EF1AA2552D69BD7900F455B5 /* UWB_Testing.app */,
				EF1AA2652D69BD7A00F455B5 /* UWB_TestingTests.xctest */,
				EF1AA26F2D69BD7A00F455B5 /* UWB_TestingUITests.xctest */,
			);
			name = Products;
			sourceTree = "<group>";
		};
/* End PBXGroup section */

/* Begin PBXNativeTarget section */
		EF1AA2542D69BD7900F455B5 /* UWB_Testing */ = {
			isa = PBXNativeTarget;
			buildConfigurationList = EF1AA2792D69BD7A00F455B5 /* Build configuration list for PBXNativeTarget "UWB_Testing" */;
			buildPhases = (
				EF1AA2512D69BD7900F455B5 /* Sources */,
				EF1AA2522D69BD7900F455B5 /* Frameworks */,
				EF1AA2532D69BD7900F455B5 /* Resources */,
			);
			buildRules = (
			);
			dependencies = (
			);
			fileSystemSynchronizedGroups = (
				EF1AA2572D69BD7900F455B5 /* UWB_Testing */,
			);
			name = UWB_Testing;
			packageProductDependencies = (
			);
			productName = UWB_Testing;
			productReference = EF1AA2552D69BD7900F455B5 /* UWB_Testing.app */;
			productType = "com.apple.product-type.application";
		};
		EF1AA2642D69BD7A00F455B5 /* UWB_TestingTests */ = {
			isa = PBXNativeTarget;
			buildConfigurationList = EF1AA27C2D69BD7A00F455B5 /* Build configuration list for PBXNativeTarget "UWB_TestingTests" */;
			buildPhases = (
				EF1AA2612D69BD7A00F455B5 /* Sources */,
				EF1AA2622D69BD7A00F455B5 /* Frameworks */,
				EF1AA2632D69BD7A00F455B5 /* Resources */,
			);
			buildRules = (
			);
			dependencies = (
				EF1AA2672D69BD7A00F455B5 /* PBXTargetDependency */,
			);
			fileSystemSynchronizedGroups = (
				EF1AA2682D69BD7A00F455B5 /* UWB_TestingTests */,
			);
			name = UWB_TestingTests;
			packageProductDependencies = (
			);
			productName = UWB_TestingTests;
			productReference = EF1AA2652D69BD7A00F455B5 /* UWB_TestingTests.xctest */;
			productType = "com.apple.product-type.bundle.unit-test";
		};
		EF1AA26E2D69BD7A00F455B5 /* UWB_TestingUITests */ = {
			isa = PBXNativeTarget;
			buildConfigurationList = EF1AA27F2D69BD7A00F455B5 /* Build configuration list for PBXNativeTarget "UWB_TestingUITests" */;
			buildPhases = (
				EF1AA26B2D69BD7A00F455B5 /* Sources */,
				EF1AA26C2D69BD7A00F455B5 /* Frameworks */,
				EF1AA26D2D69BD7A00F455B5 /* Resources */,
			);
			buildRules = (
			);
			dependencies = (
				EF1AA2712D69BD7A00F455B5 /* PBXTargetDependency */,
			);
			fileSystemSynchronizedGroups = (
				EF1AA2722D69BD7A00F455B5 /* UWB_TestingUITests */,
			);
			name = UWB_TestingUITests;
			packageProductDependencies = (
			);
			productName = UWB_TestingUITests;
			productReference = EF1AA26F2D69BD7A00F455B5 /* UWB_TestingUITests.xctest */;
			productType = "com.apple.product-type.bundle.ui-testing";
		};
/* End PBXNativeTarget section */

/* Begin PBXProject section */
		EF1AA24D2D69BD7900F455B5 /* Project object */ = {
			isa = PBXProject;
			attributes = {
				BuildIndependentTargetsInParallel = 1;
				LastSwiftUpdateCheck = 1620;
				LastUpgradeCheck = 1620;
				TargetAttributes = {
					EF1AA2542D69BD7900F455B5 = {
						CreatedOnToolsVersion = 16.2;
					};
					EF1AA2642D69BD7A00F455B5 = {
						CreatedOnToolsVersion = 16.2;
						TestTargetID = EF1AA2542D69BD7900F455B5;
					};
					EF1AA26E2D69BD7A00F455B5 = {
						CreatedOnToolsVersion = 16.2;
						TestTargetID = EF1AA2542D69BD7900F455B5;
					};
				};
			};
			buildConfigurationList = EF1AA2502D69BD7900F455B5 /* Build configuration list for PBXProject "UWB_Testing" */;
			developmentRegion = en;
			hasScannedForEncodings = 0;
			knownRegions = (
				en,
				Base,
			);
			mainGroup = EF1AA24C2D69BD7900F455B5;
			minimizedProjectReferenceProxies = 1;
			preferredProjectObjectVersion = 77;
			productRefGroup = EF1AA2562D69BD7900F455B5 /* Products */;
			projectDirPath = "";
			projectRoot = "";
			targets = (
				EF1AA2542D69BD7900F455B5 /* UWB_Testing */,
				EF1AA2642D69BD7A00F455B5 /* UWB_TestingTests */,
				EF1AA26E2D69BD7A00F455B5 /* UWB_TestingUITests */,
			);
		};
/* End PBXProject section */

/* Begin PBXResourcesBuildPhase section */
		EF1AA2532D69BD7900F455B5 /* Resources */ = {
			isa = PBXResourcesBuildPhase;
			buildActionMask = 2147483647;
			files = (
			);
			runOnlyForDeploymentPostprocessing = 0;
		};
		EF1AA2632D69BD7A00F455B5 /* Resources */ = {
			isa = PBXResourcesBuildPhase;
			buildActionMask = 2147483647;
			files = (
			);
			runOnlyForDeploymentPostprocessing = 0;
		};
		EF1AA26D2D69BD7A00F455B5 /* Resources */ = {
			isa = PBXResourcesBuildPhase;
			buildActionMask = 2147483647;
			files = (
			);
			runOnlyForDeploymentPostprocessing = 0;
		};
/* End PBXResourcesBuildPhase section */

/* Begin PBXSourcesBuildPhase section */
		EF1AA2512D69BD7900F455B5 /* Sources */ = {
			isa = PBXSourcesBuildPhase;
			buildActionMask = 2147483647;
			files = (
			);
			runOnlyForDeploymentPostprocessing = 0;
		};
		EF1AA2612D69BD7A00F455B5 /* Sources */ = {
			isa = PBXSourcesBuildPhase;
			buildActionMask = 2147483647;
			files = (
			);
			runOnlyForDeploymentPostprocessing = 0;
		};
		EF1AA26B2D69BD7A00F455B5 /* Sources */ = {
			isa = PBXSourcesBuildPhase;
			buildActionMask = 2147483647;
			files = (
			);
			runOnlyForDeploymentPostprocessing = 0;
		};
/* End PBXSourcesBuildPhase section */

/* Begin PBXTargetDependency section */
		EF1AA2672D69BD7A00F455B5 /* PBXTargetDependency */ = {
			isa = PBXTargetDependency;
			target = EF1AA2542D69BD7900F455B5 /* UWB_Testing */;
			targetProxy = EF1AA2662D69BD7A00F455B5 /* PBXContainerItemProxy */;
		};
		EF1AA2712D69BD7A00F455B5 /* PBXTargetDependency */ = {
			isa = PBXTargetDependency;
			target = EF1AA2542D69BD7900F455B5 /* UWB_Testing */;
			targetProxy = EF1AA2702D69BD7A00F455B5 /* PBXContainerItemProxy */;
		};
/* End PBXTargetDependency section */

/* Begin XCBuildConfiguration section */
		EF1AA2772D69BD7A00F455B5 /* Debug */ = {
			isa = XCBuildConfiguration;
			buildSettings = {
				ALWAYS_SEARCH_USER_PATHS = NO;
				ASSETCATALOG_COMPILER_GENERATE_SWIFT_ASSET_SYMBOL_EXTENSIONS = YES;
				CLANG_ANALYZER_NONNULL = YES;
				CLANG_ANALYZER_NUMBER_OBJECT_CONVERSION = YES_AGGRESSIVE;
				CLANG_CXX_LANGUAGE_STANDARD = "gnu++20";
				CLANG_ENABLE_MODULES = YES;
				CLANG_ENABLE_OBJC_ARC = YES;
				CLANG_ENABLE_OBJC_WEAK = YES;
				CLANG_WARN_BLOCK_CAPTURE_AUTORELEASING = YES;
				CLANG_WARN_BOOL_CONVERSION = YES;
				CLANG_WARN_COMMA = YES;
				CLANG_WARN_CONSTANT_CONVERSION = YES;
				CLANG_WARN_DEPRECATED_OBJC_IMPLEMENTATIONS = YES;
				CLANG_WARN_DIRECT_OBJC_ISA_USAGE = YES_ERROR;
				CLANG_WARN_DOCUMENTATION_COMMENTS = YES;
				CLANG_WARN_EMPTY_BODY = YES;
				CLANG_WARN_ENUM_CONVERSION = YES;
				CLANG_WARN_INFINITE_RECURSION = YES;
				CLANG_WARN_INT_CONVERSION = YES;
				CLANG_WARN_NON_LITERAL_NULL_CONVERSION = YES;
				CLANG_WARN_OBJC_IMPLICIT_RETAIN_SELF = YES;
				CLANG_WARN_OBJC_LITERAL_CONVERSION = YES;
				CLANG_WARN_OBJC_ROOT_CLASS = YES_ERROR;
				CLANG_WARN_QUOTED_INCLUDE_IN_FRAMEWORK_HEADER = YES;
				CLANG_WARN_RANGE_LOOP_ANALYSIS = YES;
				CLANG_WARN_STRICT_PROTOTYPES = YES;
				CLANG_WARN_SUSPICIOUS_MOVE = YES;
				CLANG_WARN_UNGUARDED_AVAILABILITY = YES_AGGRESSIVE;
				CLANG_WARN_UNREACHABLE_CODE = YES;
				CLANG_WARN__DUPLICATE_METHOD_MATCH = YES;
				COPY_PHASE_STRIP = NO;
				DEBUG_INFORMATION_FORMAT = dwarf;
				ENABLE_STRICT_OBJC_MSGSEND = YES;
				ENABLE_TESTABILITY = YES;
				ENABLE_USER_SCRIPT_SANDBOXING = YES;
				GCC_C_LANGUAGE_STANDARD = gnu17;
				GCC_DYNAMIC_NO_PIC = NO;
				GCC_NO_COMMON_BLOCKS = YES;
				GCC_OPTIMIZATION_LEVEL = 0;
				GCC_PREPROCESSOR_DEFINITIONS = (
					"DEBUG=1",
					"$(inherited)",
				);
				GCC_WARN_64_TO_32_BIT_CONVERSION = YES;
				GCC_WARN_ABOUT_RETURN_TYPE = YES_ERROR;
				GCC_WARN_UNDECLARED_SELECTOR = YES;
				GCC_WARN_UNINITIALIZED_AUTOS = YES_AGGRESSIVE;
				GCC_WARN_UNUSED_FUNCTION = YES;
				GCC_WARN_UNUSED_VARIABLE = YES;
				IPHONEOS_DEPLOYMENT_TARGET = 18.2;
				LOCALIZATION_PREFERS_STRING_CATALOGS = YES;
				MTL_ENABLE_DEBUG_INFO = INCLUDE_SOURCE;
				MTL_FAST_MATH = YES;
				ONLY_ACTIVE_ARCH = YES;
				SDKROOT = iphoneos;
				SWIFT_ACTIVE_COMPILATION_CONDITIONS = "DEBUG $(inherited)";
				SWIFT_OPTIMIZATION_LEVEL = "-Onone";
			};
			name = Debug;
		};
		EF1AA2782D69BD7A00F455B5 /* Release */ = {
			isa = XCBuildConfiguration;
			buildSettings = {
				ALWAYS_SEARCH_USER_PATHS = NO;
				ASSETCATALOG_COMPILER_GENERATE_SWIFT_ASSET_SYMBOL_EXTENSIONS = YES;
				CLANG_ANALYZER_NONNULL = YES;
				CLANG_ANALYZER_NUMBER_OBJECT_CONVERSION = YES_AGGRESSIVE;
				CLANG_CXX_LANGUAGE_STANDARD = "gnu++20";
				CLANG_ENABLE_MODULES = YES;
				CLANG_ENABLE_OBJC_ARC = YES;
				CLANG_ENABLE_OBJC_WEAK = YES;
				CLANG_WARN_BLOCK_CAPTURE_AUTORELEASING = YES;
				CLANG_WARN_BOOL_CONVERSION = YES;
				CLANG_WARN_COMMA = YES;
				CLANG_WARN_CONSTANT_CONVERSION = YES;
				CLANG_WARN_DEPRECATED_OBJC_IMPLEMENTATIONS = YES;
				CLANG_WARN_DIRECT_OBJC_ISA_USAGE = YES_ERROR;
				CLANG_WARN_DOCUMENTATION_COMMENTS = YES;
				CLANG_WARN_EMPTY_BODY = YES;
				CLANG_WARN_ENUM_CONVERSION = YES;
				CLANG_WARN_INFINITE_RECURSION = YES;
				CLANG_WARN_INT_CONVERSION = YES;
				CLANG_WARN_NON_LITERAL_NULL_CONVERSION = YES;
				CLANG_WARN_OBJC_IMPLICIT_RETAIN_SELF = YES;
				CLANG_WARN_OBJC_LITERAL_CONVERSION = YES;
				CLANG_WARN_OBJC_ROOT_CLASS = YES_ERROR;
				CLANG_WARN_QUOTED_INCLUDE_IN_FRAMEWORK_HEADER = YES;
				CLANG_WARN_RANGE_LOOP_ANALYSIS = YES;
				CLANG_WARN_STRICT_PROTOTYPES = YES;
				CLANG_WARN_SUSPICIOUS_MOVE = YES;
				CLANG_WARN_UNGUARDED_AVAILABILITY = YES_AGGRESSIVE;
				CLANG_WARN_UNREACHABLE_CODE = YES;
				CLANG_WARN__DUPLICATE_METHOD_MATCH = YES;
				COPY_PHASE_STRIP = NO;
				DEBUG_INFORMATION_FORMAT = "dwarf-with-dsym";
				ENABLE_NS_ASSERTIONS = NO;
				ENABLE_STRICT_OBJC_MSGSEND = YES;
				ENABLE_USER_SCRIPT_SANDBOXING = YES;
				GCC_C_LANGUAGE_STANDARD = gnu17;
				GCC_NO_COMMON_BLOCKS = YES;
				GCC_WARN_64_TO_32_BIT_CONVERSION = YES;
				GCC_WARN_ABOUT_RETURN_TYPE = YES_ERROR;
				GCC_WARN_UNDECLARED_SELECTOR = YES;
				GCC_WARN_UNINITIALIZED_AUTOS = YES_AGGRESSIVE;
				GCC_WARN_UNUSED_FUNCTION = YES;
				GCC_WARN_UNUSED_VARIABLE = YES;
				IPHONEOS_DEPLOYMENT_TARGET = 18.2;
				LOCALIZATION_PREFERS_STRING_CATALOGS = YES;
				MTL_ENABLE_DEBUG_INFO = NO;
				MTL_FAST_MATH = YES;
				SDKROOT = iphoneos;
				SWIFT_COMPILATION_MODE = wholemodule;
				VALIDATE_PRODUCT = YES;
			};
			name = Release;
		};
		EF1AA27A2D69BD7A00F455B5 /* Debug */ = {
			isa = XCBuildConfiguration;
			buildSettings = {
				ASSETCATALOG_COMPILER_APPICON_NAME = AppIcon;
				ASSETCATALOG_COMPILER_GLOBAL_ACCENT_COLOR_NAME = AccentColor;
				CODE_SIGN_STYLE = Automatic;
				CURRENT_PROJECT_VERSION = 1;
				DEVELOPMENT_ASSET_PATHS = "\"UWB_Testing/Preview Content\"";
				ENABLE_PREVIEWS = YES;
				GENERATE_INFOPLIST_FILE = YES;
				INFOPLIST_KEY_UIApplicationSceneManifest_Generation = YES;
				INFOPLIST_KEY_UIApplicationSupportsIndirectInputEvents = YES;
				INFOPLIST_KEY_UILaunchScreen_Generation = YES;
				INFOPLIST_KEY_UISupportedInterfaceOrientations_iPad = "UIInterfaceOrientationPortrait UIInterfaceOrientationPortraitUpsideDown UIInterfaceOrientationLandscapeLeft UIInterfaceOrientationLandscapeRight";
				INFOPLIST_KEY_UISupportedInterfaceOrientations_iPhone = "UIInterfaceOrientationPortrait UIInterfaceOrientationLandscapeLeft UIInterfaceOrientationLandscapeRight";
				LD_RUNPATH_SEARCH_PATHS = (
					"$(inherited)",
					"@executable_path/Frameworks",
				);
				MARKETING_VERSION = 1.0;
				PRODUCT_BUNDLE_IDENTIFIER = "B-O-3301.UWB-Testing";
				PRODUCT_NAME = "$(TARGET_NAME)";
				SWIFT_EMIT_LOC_STRINGS = YES;
				SWIFT_VERSION = 5.0;
				TARGETED_DEVICE_FAMILY = "1,2";
			};
			name = Debug;
		};
		EF1AA27B2D69BD7A00F455B5 /* Release */ = {
			isa = XCBuildConfiguration;
			buildSettings = {
				ASSETCATALOG_COMPILER_APPICON_NAME = AppIcon;
				ASSETCATALOG_COMPILER_GLOBAL_ACCENT_COLOR_NAME = AccentColor;
				CODE_SIGN_STYLE = Automatic;
				CURRENT_PROJECT_VERSION = 1;
				DEVELOPMENT_ASSET_PATHS = "\"UWB_Testing/Preview Content\"";
				ENABLE_PREVIEWS = YES;
				GENERATE_INFOPLIST_FILE = YES;
				INFOPLIST_KEY_UIApplicationSceneManifest_Generation = YES;
				INFOPLIST_KEY_UIApplicationSupportsIndirectInputEvents = YES;
				INFOPLIST_KEY_UILaunchScreen_Generation = YES;
				INFOPLIST_KEY_UISupportedInterfaceOrientations_iPad = "UIInterfaceOrientationPortrait UIInterfaceOrientationPortraitUpsideDown UIInterfaceOrientationLandscapeLeft UIInterfaceOrientationLandscapeRight";
				INFOPLIST_KEY_UISupportedInterfaceOrientations_iPhone = "UIInterfaceOrientationPortrait UIInterfaceOrientationLandscapeLeft UIInterfaceOrientationLandscapeRight";
				LD_RUNPATH_SEARCH_PATHS = (
					"$(inherited)",
					"@executable_path/Frameworks",
				);
				MARKETING_VERSION = 1.0;
				PRODUCT_BUNDLE_IDENTIFIER = "B-O-3301.UWB-Testing";
				PRODUCT_NAME = "$(TARGET_NAME)";
				SWIFT_EMIT_LOC_STRINGS = YES;
				SWIFT_VERSION = 5.0;
				TARGETED_DEVICE_FAMILY = "1,2";
			};
			name = Release;
		};
		EF1AA27D2D69BD7A00F455B5 /* Debug */ = {
			isa = XCBuildConfiguration;
			buildSettings = {
				BUNDLE_LOADER = "$(TEST_HOST)";
				CODE_SIGN_STYLE = Automatic;
				CURRENT_PROJECT_VERSION = 1;
				GENERATE_INFOPLIST_FILE = YES;
				IPHONEOS_DEPLOYMENT_TARGET = 18.2;
				MARKETING_VERSION = 1.0;
				PRODUCT_BUNDLE_IDENTIFIER = "B-O-3301.UWB-TestingTests";
				PRODUCT_NAME = "$(TARGET_NAME)";
				SWIFT_EMIT_LOC_STRINGS = NO;
				SWIFT_VERSION = 5.0;
				TARGETED_DEVICE_FAMILY = "1,2";
				TEST_HOST = "$(BUILT_PRODUCTS_DIR)/UWB_Testing.app/$(BUNDLE_EXECUTABLE_FOLDER_PATH)/UWB_Testing";
			};
			name = Debug;
		};
		EF1AA27E2D69BD7A00F455B5 /* Release */ = {
			isa = XCBuildConfiguration;
			buildSettings = {
				BUNDLE_LOADER = "$(TEST_HOST)";
				CODE_SIGN_STYLE = Automatic;
				CURRENT_PROJECT_VERSION = 1;
				GENERATE_INFOPLIST_FILE = YES;
				IPHONEOS_DEPLOYMENT_TARGET = 18.2;
				MARKETING_VERSION = 1.0;
				PRODUCT_BUNDLE_IDENTIFIER = "B-O-3301.UWB-TestingTests";
				PRODUCT_NAME = "$(TARGET_NAME)";
				SWIFT_EMIT_LOC_STRINGS = NO;
				SWIFT_VERSION = 5.0;
				TARGETED_DEVICE_FAMILY = "1,2";
				TEST_HOST = "$(BUILT_PRODUCTS_DIR)/UWB_Testing.app/$(BUNDLE_EXECUTABLE_FOLDER_PATH)/UWB_Testing";
			};
			name = Release;
		};
		EF1AA2802D69BD7A00F455B5 /* Debug */ = {
			isa = XCBuildConfiguration;
			buildSettings = {
				CODE_SIGN_STYLE = Automatic;
				CURRENT_PROJECT_VERSION = 1;
				GENERATE_INFOPLIST_FILE = YES;
				MARKETING_VERSION = 1.0;
				PRODUCT_BUNDLE_IDENTIFIER = "B-O-3301.UWB-TestingUITests";
				PRODUCT_NAME = "$(TARGET_NAME)";
				SWIFT_EMIT_LOC_STRINGS = NO;
				SWIFT_VERSION = 5.0;
				TARGETED_DEVICE_FAMILY = "1,2";
				TEST_TARGET_NAME = UWB_Testing;
			};
			name = Debug;
		};
		EF1AA2812D69BD7A00F455B5 /* Release */ = {
			isa = XCBuildConfiguration;
			buildSettings = {
				CODE_SIGN_STYLE = Automatic;
				CURRENT_PROJECT_VERSION = 1;
				GENERATE_INFOPLIST_FILE = YES;
				MARKETING_VERSION = 1.0;
				PRODUCT_BUNDLE_IDENTIFIER = "B-O-3301.UWB-TestingUITests";
				PRODUCT_NAME = "$(TARGET_NAME)";
				SWIFT_EMIT_LOC_STRINGS = NO;
				SWIFT_VERSION = 5.0;
				TARGETED_DEVICE_FAMILY = "1,2";
				TEST_TARGET_NAME = UWB_Testing;
			};
			name = Release;
		};
/* End XCBuildConfiguration section */

/* Begin XCConfigurationList section */
		EF1AA2502D69BD7900F455B5 /* Build configuration list for PBXProject "UWB_Testing" */ = {
			isa = XCConfigurationList;
			buildConfigurations = (
				EF1AA2772D69BD7A00F455B5 /* Debug */,
				EF1AA2782D69BD7A00F455B5 /* Release */,
			);
			defaultConfigurationIsVisible = 0;
			defaultConfigurationName = Release;
		};
		EF1AA2792D69BD7A00F455B5 /* Build configuration list for PBXNativeTarget "UWB_Testing" */ = {
			isa = XCConfigurationList;
			buildConfigurations = (
				EF1AA27A2D69BD7A00F455B5 /* Debug */,
				EF1AA27B2D69BD7A00F455B5 /* Release */,
			);
			defaultConfigurationIsVisible = 0;
			defaultConfigurationName = Release;
		};
		EF1AA27C2D69BD7A00F455B5 /* Build configuration list for PBXNativeTarget "UWB_TestingTests" */ = {
			isa = XCConfigurationList;
			buildConfigurations = (
				EF1AA27D2D69BD7A00F455B5 /* Debug */,
				EF1AA27E2D69BD7A00F455B5 /* Release */,
			);
			defaultConfigurationIsVisible = 0;
			defaultConfigurationName = Release;
		};
		EF1AA27F2D69BD7A00F455B5 /* Build configuration list for PBXNativeTarget "UWB_TestingUITests" */ = {
			isa = XCConfigurationList;
			buildConfigurations = (
				EF1AA2802D69BD7A00F455B5 /* Debug */,
				EF1AA2812D69BD7A00F455B5 /* Release */,
			);
			defaultConfigurationIsVisible = 0;
			defaultConfigurationName = Release;
		};
/* End XCConfigurationList section */
	};
	rootObject = EF1AA24D2D69BD7900F455B5 /* Project object */;
}
